# This file is automatically @generated by Poetry 1.8.5 and should not be changed by hand.

[[package]]
name = "cocotb"
version = "2.0.1"
description = "cocotb is a coroutine based cosimulation library for writing VHDL and Verilog testbenches in Python."
optional = false
python-versions = ">=3.6.2"
files = [
    {file = "cocotb-2.0.1-cp310-cp310-macosx_10_9_x86_64.whl", hash = "sha256:35d6e4b1553c541fa2236e32009ba8fc2cb2d9209d589c56c285352c600d2366"},
    {file = "cocotb-2.0.1-cp310-cp310-macosx_11_0_arm64.whl", hash = "sha256:8588fe4621db6e19b93f1d1b0a1aead37d23ad063d6b248b9a445e3f4104efac"},
    {file = "cocotb-2.0.1-cp310-cp310-manylinux_2_17_x86_64.manylinux2014_x86_64.whl", hash = "sha256:d2730f19f5e3e800cc9a667fe2711812dd3a8c818f0167aa1e107e2b93624160"},
    {file = "cocotb-2.0.1-cp310-cp310-manylinux_2_5_i686.manylinux1_i686.manylinux_2_17_i686.manylinux2014_i686.whl", hash = "sha256:f92b5ca05178bf6c231d649758a221d58490bd0e3ddda5ea83500cb49e472e36"},
    {file = "cocotb-2.0.1-cp310-cp310-win32.whl", hash = "sha256:223509932a610f1f20834103e4c0f2ce9acb1ed0b5982bdeddcbd2bbf1aba349"},
    {file = "cocotb-2.0.1-cp310-cp310-win_amd64.whl", hash = "sha256:c66018569d2f91ba8ea866984caf8fbb1cb6376102c187e99675c425ec1adcd9"},
    {file = "cocotb-2.0.1-cp311-cp311-macosx_10_9_x86_64.whl", hash = "sha256:1b99e5eab7236993cab7b4ed6464a249ad32daca93a6aa2987d5048272d77315"},
    {file = "cocotb-2.0.1-cp311-cp311-macosx_11_0_arm64.whl", hash = "sha256:cd45a2874c0a4fa11042259ab6a10d3226568c06ac27440101373cec54ae5789"},
    {file = "cocotb-2.0.1-cp311-cp311-manylinux_2_17_x86_64.manylinux2014_x86_64.whl", hash = "sha256:41e0244dce20ba3ef2830224f41f786ff5669fe14cec04db8ec92f9a8ac5b04f"},
    {file = "cocotb-2.0.1-cp311-cp311-manylinux_2_5_i686.manylinux1_i686.manylinux_2_17_i686.manylinux2014_i686.whl", hash = "sha256:f13862231a841ffdf44e67e4e4377006d51732c4713b39a30eb4c7322d9d5ac7"},
    {file = "cocotb-2.0.1-cp311-cp311-win32.whl", hash = "sha256:8437d4b39ecad5cddcda049b972878c8badc0b57a43dc94fb7cdecdf467b7427"},
    {file = "cocotb-2.0.1-cp311-cp311-win_amd64.whl", hash = "sha256:a042b8c5b4d70f873a652ba60f1f17a21ff621e243a02bffa4f11a037ca21af5"},
    {file = "cocotb-2.0.1-cp312-cp312-macosx_10_9_x86_64.whl", hash = "sha256:5a197c451312333170119378d796a29a6c9413e6283e9de3614c4f35af6e9d1f"},
    {file = "cocotb-2.0.1-cp312-cp312-macosx_11_0_arm64.whl", hash = "sha256:ca491be0eff5cfa2a16f19aeb1aa62967a9d40b0882e32636ffd517c12c1f289"},
    {file = "cocotb-2.0.1-cp312-cp312-manylinux_2_17_x86_64.manylinux2014_x86_64.whl", hash = "sha256:4fd0ae786019d18e7195a1186f93bff5afcda7b5aba8de710d3e74182e57a116"},
    {file = "cocotb-2.0.1-cp312-cp312-manylinux_2_5_i686.manylinux1_i686.manylinux_2_17_i686.manylinux2014_i686.whl", hash = "sha256:3a2df61424b355899cab0f252b14f69d5c2c6b1c9422b2a4152eaa3fd169a9d6"},
    {file = "cocotb-2.0.1-cp312-cp312-win32.whl", hash = "sha256:5798b47a4df3b4eb17a4b214c889d70d31e710b81a2109538b006569780bd115"},
    {file = "cocotb-2.0.1-cp312-cp312-win_amd64.whl", hash = "sha256:f08b5ef2e59460a0ebee6927a3c92fdb66823278a295df50042a40df3314be8c"},
    {file = "cocotb-2.0.1-cp313-cp313-macosx_10_13_x86_64.whl", hash = "sha256:1564125b6ace66b3f350d083a97308249c247515891487b56e527d9a4e7ebb0a"},
    {file = "cocotb-2.0.1-cp313-cp313-macosx_11_0_arm64.whl", hash = "sha256:be9d205fd5976cad89888dc394a91315037ccb7e684cd9f1a09f52509199cadf"},
    {file = "cocotb-2.0.1-cp313-cp313-manylinux_2_17_x86_64.manylinux2014_x86_64.whl", hash = "sha256:9236df78a8fcdecb09a0916300c55ce1ab7a92fc67ac09b22f63ff592a47232e"},
    {file = "cocotb-2.0.1-cp313-cp313-manylinux_2_5_i686.manylinux1_i686.manylinux_2_17_i686.manylinux2014_i686.whl", hash = "sha256:fed79b086414ac2d5faa1eff74b7533cb46404dfcd5a8e52cdffaeecdf98033a"},
    {file = "cocotb-2.0.1-cp313-cp313-win32.whl", hash = "sha256:ad5ed2c7ced2c8088d9ee8bd0c0d4497297248d76698c2940e978d5e54dbed33"},
    {file = "cocotb-2.0.1-cp313-cp313-win_amd64.whl", hash = "sha256:d1329c0efc1b460f12f8c76e5d030322adb4e89bc48f70c6f0805535d6eb1b10"},
    {file = "cocotb-2.0.1-cp36-cp36m-macosx_10_9_x86_64.whl", hash = "sha256:5de14de3d40669bf4ec0d288a40eef3c7220a537f470b4e6d71efcc7064fb3f2"},
    {file = "cocotb-2.0.1-cp36-cp36m-manylinux_2_5_i686.manylinux1_i686.whl", hash = "sha256:f9223918a8f939f4a0157438376b3a23bc011db84059882f38a6eeb0f6327122"},
    {file = "cocotb-2.0.1-cp36-cp36m-manylinux_2_5_x86_64.manylinux1_x86_64.whl", hash = "sha256:a8989afde8486ad72aa28be4e8f26f55f3891af80f669bf29d01e0d3b7267576"},
    {file = "cocotb-2.0.1-cp36-cp36m-win32.whl", hash = "sha256:e09b4a427b3cddf008613b2f656dee7489d8032753d92c8c5dfa2f65e633e1d3"},
    {file = "cocotb-2.0.1-cp36-cp36m-win_amd64.whl", hash = "sha256:770976ca691e8fe7437a486f66ff58fe6bb548be9d95146a726b6a90a4fd9e2d"},
    {file = "cocotb-2.0.1-cp37-cp37m-macosx_10_9_x86_64.whl", hash = "sha256:954c1069d919fb9f19b2feb75033528120ce829df9db4d3a1d34fcca6f82706f"},
    {file = "cocotb-2.0.1-cp37-cp37m-manylinux_2_17_x86_64.manylinux2014_x86_64.whl", hash = "sha256:7f226c990ffc995194c5a6aabd39ac5790c2a341365570be9c513255093e4ff0"},
    {file = "cocotb-2.0.1-cp37-cp37m-manylinux_2_5_i686.manylinux1_i686.manylinux_2_17_i686.manylinux2014_i686.whl", hash = "sha256:d453611035576132577cc9f43bc4b800ed01043cf60fcbddc8174533d091818f"},
    {file = "cocotb-2.0.1-cp37-cp37m-win32.whl", hash = "sha256:347dc152aca097ba8c3d6ea03953fd9fd1dac0889f1cb4536600a2a08d069e3e"},
    {file = "cocotb-2.0.1-cp37-cp37m-win_amd64.whl", hash = "sha256:ab361a2efddd0914f40cd08d097d0d41ddf173d54cdea0b62000f55309e5810f"},
    {file = "cocotb-2.0.1-cp38-cp38-macosx_10_9_x86_64.whl", hash = "sha256:868e0d73bce663e756b3447698fb93be864f8f54a35bac341cbe75c8d5a834c8"},
    {file = "cocotb-2.0.1-cp38-cp38-macosx_11_0_arm64.whl", hash = "sha256:070889d8c568451e9dae326058b63b7425924ef8ce12d427ea2f3c3db9322bbb"},
    {file = "cocotb-2.0.1-cp38-cp38-manylinux_2_17_x86_64.manylinux2014_x86_64.whl", hash = "sha256:cee77a5223c861d8a0e8cde42802787e48bde823a0c163b10776f9e57122ed62"},
    {file = "cocotb-2.0.1-cp38-cp38-manylinux_2_5_i686.manylinux1_i686.manylinux_2_17_i686.manylinux2014_i686.whl", hash = "sha256:8150567f4b84ea74717ce81fd275082c97da17ba10b31021965591d5849fe15e"},
    {file = "cocotb-2.0.1-cp38-cp38-win32.whl", hash = "sha256:9bc8d2354e87dfc0616221946f0ee227447fa69d222ae6a4433e83ad569d35d4"},
    {file = "cocotb-2.0.1-cp38-cp38-win_amd64.whl", hash = "sha256:441c13ccf7e071a44a536f45fdbe3a002d7cd4f89a2bb6a0d4bf2299b22d424c"},
    {file = "cocotb-2.0.1-cp39-cp39-macosx_10_9_x86_64.whl", hash = "sha256:faf3ec2916d2392bfa22825d46615c55fc23a3c0e93e5d8bba56aaeda1245cf7"},
    {file = "cocotb-2.0.1-cp39-cp39-macosx_11_0_arm64.whl", hash = "sha256:6169ca1f74b38ba98a7f10f3b3b8a9688bb5c70df18bde408479a10d8d79c439"},
    {file = "cocotb-2.0.1-cp39-cp39-manylinux_2_17_x86_64.manylinux2014_x86_64.whl", hash = "sha256:3ae37e7e2ebf9198470c8aeb9f43e3c97197b7f5e764b4ee2813936120c4232e"},
    {file = "cocotb-2.0.1-cp39-cp39-manylinux_2_5_i686.manylinux1_i686.manylinux_2_17_i686.manylinux2014_i686.whl", hash = "sha256:fa8501f3299f753f7484604db07747790b66f0e4c99e51fc51885df4bf17af44"},
    {file = "cocotb-2.0.1-cp39-cp39-win32.whl", hash = "sha256:a15644175b38f64d7c60694c3bae22cebf0605c1a537ea842596769711fa3877"},
    {file = "cocotb-2.0.1-cp39-cp39-win_amd64.whl", hash = "sha256:64f48c3d02a2b0b9b976e3a0c9f9e0580dc6eeb1f6bb85d18a6ef791e6ddfe7c"},
    {file = "cocotb-2.0.1.tar.gz", hash = "sha256:69887748412ff43e98f8579ad6c0da1f6ff19a94d0c3b4d6da472d8e86784e82"},
]

[package.dependencies]
find_libpython = "*"

[[package]]
name = "find-libpython"
version = "0.5.0"
description = "Finds the libpython associated with your environment, wherever it may be hiding"
optional = false
python-versions = ">=3.9"
files = [
    {file = "find_libpython-0.5.0-py3-none-any.whl", hash = "sha256:7690dcf6442cdce39c0df191903fd5ecf9af437fa920effb6569fbf2c8ca8ab4"},
    {file = "find_libpython-0.5.0.tar.gz", hash = "sha256:4e4e0ffcad3bfaf2af9461b359329b8736e3f721dc375da7c167aff383e56be1"},
]

[[package]]
name = "ty"
version = "0.0.1a27"
description = "An extremely fast Python type checker, written in Rust."
optional = false
python-versions = ">=3.8"
files = [
    {file = "ty-0.0.1a27-py3-none-linux_armv6l.whl", hash = "sha256:3cbb735f5ecb3a7a5f5b82fb24da17912788c109086df4e97d454c8fb236fbc5"},
    {file = "ty-0.0.1a27-py3-none-macosx_10_12_x86_64.whl", hash = "sha256:4a6367236dc456ba2416563301d498aef8c6f8959be88777ef7ba5ac1bf15f0b"},
    {file = "ty-0.0.1a27-py3-none-macosx_11_0_arm64.whl", hash = "sha256:8e93e231a1bcde964cdb062d2d5e549c24493fb1638eecae8fcc42b81e9463a4"},
    {file = "ty-0.0.1a27-py3-none-manylinux_2_17_aarch64.manylinux2014_aarch64.whl", hash = "sha256:c5b6a8166b60117da1179851a3d719cc798bf7e61f91b35d76242f0059e9ae1d"},
    {file = "ty-0.0.1a27-py3-none-manylinux_2_17_armv7l.manylinux2014_armv7l.whl", hash = "sha256:bfbe8b0e831c072b79a078d6c126d7f4d48ca17f64a103de1b93aeda32265dc5"},
    {file = "ty-0.0.1a27-py3-none-manylinux_2_17_i686.manylinux2014_i686.whl", hash = "sha256:90e09678331552e7c25d7eb47868b0910dc5b9b212ae22c8ce71a52d6576ddbb"},
    {file = "ty-0.0.1a27-py3-none-manylinux_2_17_ppc64.manylinux2014_ppc64.whl", hash = "sha256:88c03e4beeca79d85a5618921e44b3a6ea957e0453e08b1cdd418b51da645939"},
    {file = "ty-0.0.1a27-py3-none-manylinux_2_17_ppc64le.manylinux2014_ppc64le.whl", hash = "sha256:3ece5811322789fefe22fc088ed36c5879489cd39e913f9c1ff2a7678f089c61"},
    {file = "ty-0.0.1a27-py3-none-manylinux_2_17_s390x.manylinux2014_s390x.whl", hash = "sha256:2f2ccb4f0fddcd6e2017c268dfce2489e9a36cb82a5900afe6425835248b1086"},
    {file = "ty-0.0.1a27-py3-none-manylinux_2_17_x86_64.manylinux2014_x86_64.whl", hash = "sha256:33450528312e41d003e96a1647780b2783ab7569bbc29c04fc76f2d1908061e3"},
    {file = "ty-0.0.1a27-py3-none-musllinux_1_2_aarch64.whl", hash = "sha256:a0a9ac635deaa2b15947701197ede40cdecd13f89f19351872d16f9ccd773fa1"},
    {file = "ty-0.0.1a27-py3-none-musllinux_1_2_armv7l.whl", hash = "sha256:797fb2cd49b6b9b3ac9f2f0e401fb02d3aa155badc05a8591d048d38d28f1e0c"},
    {file = "ty-0.0.1a27-py3-none-musllinux_1_2_i686.whl", hash = "sha256:7fe81679a0941f85e98187d444604e24b15bde0a85874957c945751756314d03"},
    {file = "ty-0.0.1a27-py3-none-musllinux_1_2_x86_64.whl", hash = "sha256:355f651d0cdb85535a82bd9f0583f77b28e3fd7bba7b7da33dcee5a576eff28b"},
    {file = "ty-0.0.1a27-py3-none-win32.whl", hash = "sha256:61782e5f40e6df622093847b34c366634b75d53f839986f1bf4481672ad6cb55"},
    {file = "ty-0.0.1a27-py3-none-win_amd64.whl", hash = "sha256:c682b238085d3191acddcf66ef22641562946b1bba2a7f316012d5b2a2f4de11"},
    {file = "ty-0.0.1a27-py3-none-win_arm64.whl", hash = "sha256:e146dfa32cbb0ac6afb0cb65659e87e4e313715e68d76fe5ae0a4b3d5b912ce8"},
    {file = "ty-0.0.1a27.tar.gz", hash = "sha256:d34fe04979f2c912700cbf0919e8f9b4eeaa10c4a2aff7450e5e4c90f998bc28"},
]

[metadata]
lock-version = "2.0"
python-versions = "^3.13"
content-hash = "38268eb3d8bd4d8a7da4a17a158716d261716e807e2c780517c6fa41655882be"
